// !$*UTF8*$!
{
	archiveVersion = 1;
	classes = {
	};
	objectVersion = 50;
	objects = {

/* Begin PBXBuildFile section */
		8660AA1023CBEFB600040C75 /* ViewController.swift in Sources */ = {isa = PBXBuildFile; fileRef = 8660AA0F23CBEFB600040C75 /* ViewController.swift */; };
		8660AA1323CBEFB600040C75 /* Main.storyboard in Resources */ = {isa = PBXBuildFile; fileRef = 8660AA1123CBEFB600040C75 /* Main.storyboard */; };
		8660AA1523CBEFB800040C75 /* Assets.xcassets in Resources */ = {isa = PBXBuildFile; fileRef = 8660AA1423CBEFB800040C75 /* Assets.xcassets */; };
		8660AA1823CBEFB800040C75 /* LaunchScreen.storyboard in Resources */ = {isa = PBXBuildFile; fileRef = 8660AA1623CBEFB800040C75 /* LaunchScreen.storyboard */; };
		8660AA2723CBEFDD00040C75 /* SceneDelegate.swift in Sources */ = {isa = PBXBuildFile; fileRef = 8660AA2123CBEFDD00040C75 /* SceneDelegate.swift */; };
		8660AA2923CBEFDD00040C75 /* AppDelegate.swift in Sources */ = {isa = PBXBuildFile; fileRef = 8660AA2323CBEFDD00040C75 /* AppDelegate.swift */; };
		8660AA3223CBF01700040C75 /* User.swift in Sources */ = {isa = PBXBuildFile; fileRef = 8660AA2B23CBF01600040C75 /* User.swift */; };
		8660AA3323CBF01700040C75 /* Constants.swift in Sources */ = {isa = PBXBuildFile; fileRef = 8660AA2C23CBF01700040C75 /* Constants.swift */; };
		8660AA3423CBF01700040C75 /* SearchUserBar.swift in Sources */ = {isa = PBXBuildFile; fileRef = 8660AA2D23CBF01700040C75 /* SearchUserBar.swift */; };
		8660AA3523CBF01700040C75 /* SearchUserViewModel.swift in Sources */ = {isa = PBXBuildFile; fileRef = 8660AA2E23CBF01700040C75 /* SearchUserViewModel.swift */; };
		8660AA3623CBF01700040C75 /* SearchUserRow.swift in Sources */ = {isa = PBXBuildFile; fileRef = 8660AA2F23CBF01700040C75 /* SearchUserRow.swift */; };
		8660AA3723CBF01700040C75 /* SearchUserView.swift in Sources */ = {isa = PBXBuildFile; fileRef = 8660AA3023CBF01700040C75 /* SearchUserView.swift */; };
		8660AA3823CBF01700040C75 /* SearchUserResponse.swift in Sources */ = {isa = PBXBuildFile; fileRef = 8660AA3123CBF01700040C75 /* SearchUserResponse.swift */; };
		8660AA4423CBFD8600040C75 /* darkmode.gif in Resources */ = {isa = PBXBuildFile; fileRef = 8660AA4323CBFD8600040C75 /* darkmode.gif */; };
		8660AA4623CBFF7400040C75 /* lm.gif in Resources */ = {isa = PBXBuildFile; fileRef = 8660AA4523CBFF7400040C75 /* lm.gif */; };
/* End PBXBuildFile section */

/* Begin PBXFileReference section */
		8660AA0823CBEFB600040C75 /* DynamicList-SwiftUI-Combine.app */ = {isa = PBXFileReference; explicitFileType = wrapper.application; includeInIndex = 0; path = "DynamicList-SwiftUI-Combine.app"; sourceTree = BUILT_PRODUCTS_DIR; };
		8660AA0F23CBEFB600040C75 /* ViewController.swift */ = {isa = PBXFileReference; lastKnownFileType = sourcecode.swift; path = ViewController.swift; sourceTree = "<group>"; };
		8660AA1223CBEFB600040C75 /* Base */ = {isa = PBXFileReference; lastKnownFileType = file.storyboard; name = Base; path = Base.lproj/Main.storyboard; sourceTree = "<group>"; };
		8660AA1423CBEFB800040C75 /* Assets.xcassets */ = {isa = PBXFileReference; lastKnownFileType = folder.assetcatalog; path = Assets.xcassets; sourceTree = "<group>"; };
		8660AA1723CBEFB800040C75 /* Base */ = {isa = PBXFileReference; lastKnownFileType = file.storyboard; name = Base; path = Base.lproj/LaunchScreen.storyboard; sourceTree = "<group>"; };
		8660AA1923CBEFB800040C75 /* Info.plist */ = {isa = PBXFileReference; lastKnownFileType = text.plist.xml; path = Info.plist; sourceTree = "<group>"; };
		8660AA2123CBEFDD00040C75 /* SceneDelegate.swift */ = {isa = PBXFileReference; fileEncoding = 4; lastKnownFileType = sourcecode.swift; path = SceneDelegate.swift; sourceTree = "<group>"; };
		8660AA2323CBEFDD00040C75 /* AppDelegate.swift */ = {isa = PBXFileReference; fileEncoding = 4; lastKnownFileType = sourcecode.swift; path = AppDelegate.swift; sourceTree = "<group>"; };
		8660AA2B23CBF01600040C75 /* User.swift */ = {isa = PBXFileReference; fileEncoding = 4; lastKnownFileType = sourcecode.swift; path = User.swift; sourceTree = "<group>"; };
		8660AA2C23CBF01700040C75 /* Constants.swift */ = {isa = PBXFileReference; fileEncoding = 4; lastKnownFileType = sourcecode.swift; path = Constants.swift; sourceTree = "<group>"; };
		8660AA2D23CBF01700040C75 /* SearchUserBar.swift */ = {isa = PBXFileReference; fileEncoding = 4; lastKnownFileType = sourcecode.swift; path = SearchUserBar.swift; sourceTree = "<group>"; };
		8660AA2E23CBF01700040C75 /* SearchUserViewModel.swift */ = {isa = PBXFileReference; fileEncoding = 4; lastKnownFileType = sourcecode.swift; path = SearchUserViewModel.swift; sourceTree = "<group>"; };
		8660AA2F23CBF01700040C75 /* SearchUserRow.swift */ = {isa = PBXFileReference; fileEncoding = 4; lastKnownFileType = sourcecode.swift; path = SearchUserRow.swift; sourceTree = "<group>"; };
		8660AA3023CBF01700040C75 /* SearchUserView.swift */ = {isa = PBXFileReference; fileEncoding = 4; lastKnownFileType = sourcecode.swift; path = SearchUserView.swift; sourceTree = "<group>"; };
		8660AA3123CBF01700040C75 /* SearchUserResponse.swift */ = {isa = PBXFileReference; fileEncoding = 4; lastKnownFileType = sourcecode.swift; path = SearchUserResponse.swift; sourceTree = "<group>"; };
		8660AA4323CBFD8600040C75 /* darkmode.gif */ = {isa = PBXFileReference; lastKnownFileType = image.gif; path = darkmode.gif; sourceTree = "<group>"; };
		8660AA4523CBFF7400040C75 /* lm.gif */ = {isa = PBXFileReference; lastKnownFileType = image.gif; path = lm.gif; sourceTree = "<group>"; };
/* End PBXFileReference section */

/* Begin PBXFrameworksBuildPhase section */
		8660AA0523CBEFB600040C75 /* Frameworks */ = {
			isa = PBXFrameworksBuildPhase;
			buildActionMask = 2147483647;
			files = (
			);
			runOnlyForDeploymentPostprocessing = 0;
		};
/* End PBXFrameworksBuildPhase section */

/* Begin PBXGroup section */
		8660A9FF23CBEFB600040C75 = {
			isa = PBXGroup;
			children = (
				8660AA0A23CBEFB600040C75 /* DynamicList-SwiftUI-Combine */,
				8660AA4223CBFD6900040C75 /* Preview */,
				8660AA0923CBEFB600040C75 /* Products */,
				8660AA4323CBFD8600040C75 /* darkmode.gif */,
				8660AA4523CBFF7400040C75 /* lm.gif */,
			);
			sourceTree = "<group>";
		};
		8660AA0923CBEFB600040C75 /* Products */ = {
			isa = PBXGroup;
			children = (
				8660AA0823CBEFB600040C75 /* DynamicList-SwiftUI-Combine.app */,
			);
			name = Products;
			sourceTree = "<group>";
		};
		8660AA0A23CBEFB600040C75 /* DynamicList-SwiftUI-Combine */ = {
			isa = PBXGroup;
			children = (
				8660AA3923CBF01C00040C75 /* Constants */,
				8660AA3B23CBF04C00040C75 /* Views */,
				8660AA3C23CBF05500040C75 /* View Model */,
				8660AA3D23CBF07300040C75 /* Models */,
				8660AA2323CBEFDD00040C75 /* AppDelegate.swift */,
				8660AA2123CBEFDD00040C75 /* SceneDelegate.swift */,
				8660AA0F23CBEFB600040C75 /* ViewController.swift */,
				8660AA1123CBEFB600040C75 /* Main.storyboard */,
				8660AA1423CBEFB800040C75 /* Assets.xcassets */,
				8660AA1623CBEFB800040C75 /* LaunchScreen.storyboard */,
				8660AA1923CBEFB800040C75 /* Info.plist */,
			);
			path = "DynamicList-SwiftUI-Combine";
			sourceTree = "<group>";
		};
		8660AA3923CBF01C00040C75 /* Constants */ = {
			isa = PBXGroup;
			children = (
				8660AA2C23CBF01700040C75 /* Constants.swift */,
			);
			path = Constants;
			sourceTree = "<group>";
		};
		8660AA3B23CBF04C00040C75 /* Views */ = {
			isa = PBXGroup;
			children = (
				8660AA2D23CBF01700040C75 /* SearchUserBar.swift */,
				8660AA2F23CBF01700040C75 /* SearchUserRow.swift */,
				8660AA3023CBF01700040C75 /* SearchUserView.swift */,
			);
			path = Views;
			sourceTree = "<group>";
		};
		8660AA3C23CBF05500040C75 /* View Model */ = {
			isa = PBXGroup;
			children = (
				8660AA2E23CBF01700040C75 /* SearchUserViewModel.swift */,
			);
			path = "View Model";
			sourceTree = "<group>";
		};
		8660AA3D23CBF07300040C75 /* Models */ = {
			isa = PBXGroup;
			children = (
				8660AA3123CBF01700040C75 /* SearchUserResponse.swift */,
				8660AA2B23CBF01600040C75 /* User.swift */,
			);
			path = Models;
			sourceTree = "<group>";
		};
		8660AA4223CBFD6900040C75 /* Preview */ = {
			isa = PBXGroup;
			children = (
			);
			path = Preview;
			sourceTree = "<group>";
		};
/* End PBXGroup section */

/* Begin PBXNativeTarget section */
		8660AA0723CBEFB600040C75 /* DynamicList-SwiftUI-Combine */ = {
			isa = PBXNativeTarget;
			buildConfigurationList = 8660AA1C23CBEFB800040C75 /* Build configuration list for PBXNativeTarget "DynamicList-SwiftUI-Combine" */;
			buildPhases = (
				8660AA0423CBEFB600040C75 /* Sources */,
				8660AA0523CBEFB600040C75 /* Frameworks */,
				8660AA0623CBEFB600040C75 /* Resources */,
			);
			buildRules = (
			);
			dependencies = (
			);
			name = "DynamicList-SwiftUI-Combine";
			productName = "DynamicList-SwiftUI-Combine";
			productReference = 8660AA0823CBEFB600040C75 /* DynamicList-SwiftUI-Combine.app */;
			productType = "com.apple.product-type.application";
		};
/* End PBXNativeTarget section */

/* Begin PBXProject section */
		8660AA0023CBEFB600040C75 /* Project object */ = {
			isa = PBXProject;
			attributes = {
				LastSwiftUpdateCheck = 1130;
				LastUpgradeCheck = 1130;
				ORGANIZATIONNAME = "Farooq Rasheed";
				TargetAttributes = {
					8660AA0723CBEFB600040C75 = {
						CreatedOnToolsVersion = 11.3;
					};
				};
			};
			buildConfigurationList = 8660AA0323CBEFB600040C75 /* Build configuration list for PBXProject "DynamicList-SwiftUI-Combine" */;
			compatibilityVersion = "Xcode 9.3";
			developmentRegion = en;
			hasScannedForEncodings = 0;
			knownRegions = (
				en,
				Base,
			);
			mainGroup = 8660A9FF23CBEFB600040C75;
			productRefGroup = 8660AA0923CBEFB600040C75 /* Products */;
			projectDirPath = "";
			projectRoot = "";
			targets = (
				8660AA0723CBEFB600040C75 /* DynamicList-SwiftUI-Combine */,
			);
		};
/* End PBXProject section */

/* Begin PBXResourcesBuildPhase section */
		8660AA0623CBEFB600040C75 /* Resources */ = {
			isa = PBXResourcesBuildPhase;
			buildActionMask = 2147483647;
			files = (
				8660AA4623CBFF7400040C75 /* lm.gif in Resources */,
				8660AA1823CBEFB800040C75 /* LaunchScreen.storyboard in Resources */,
				8660AA1523CBEFB800040C75 /* Assets.xcassets in Resources */,
				8660AA1323CBEFB600040C75 /* Main.storyboard in Resources */,
				8660AA4423CBFD8600040C75 /* darkmode.gif in Resources */,
			);
			runOnlyForDeploymentPostprocessing = 0;
		};
/* End PBXResourcesBuildPhase section */

/* Begin PBXSourcesBuildPhase section */
		8660AA0423CBEFB600040C75 /* Sources */ = {
			isa = PBXSourcesBuildPhase;
			buildActionMask = 2147483647;
			files = (
				8660AA3323CBF01700040C75 /* Constants.swift in Sources */,
				8660AA3223CBF01700040C75 /* User.swift in Sources */,
				8660AA3423CBF01700040C75 /* SearchUserBar.swift in Sources */,
				8660AA3723CBF01700040C75 /* SearchUserView.swift in Sources */,
				8660AA3623CBF01700040C75 /* SearchUserRow.swift in Sources */,
				8660AA2923CBEFDD00040C75 /* AppDelegate.swift in Sources */,
				8660AA3523CBF01700040C75 /* SearchUserViewModel.swift in Sources */,
				8660AA3823CBF01700040C75 /* SearchUserResponse.swift in Sources */,
				8660AA1023CBEFB600040C75 /* ViewController.swift in Sources */,
				8660AA2723CBEFDD00040C75 /* SceneDelegate.swift in Sources */,
			);
			runOnlyForDeploymentPostprocessing = 0;
		};
/* End PBXSourcesBuildPhase section */

/* Begin PBXVariantGroup section */
		8660AA1123CBEFB600040C75 /* Main.storyboard */ = {
			isa = PBXVariantGroup;
			children = (
				8660AA1223CBEFB600040C75 /* Base */,
			);
			name = Main.storyboard;
			sourceTree = "<group>";
		};
		8660AA1623CBEFB800040C75 /* LaunchScreen.storyboard */ = {
			isa = PBXVariantGroup;
			children = (
				8660AA1723CBEFB800040C75 /* Base */,
			);
			name = LaunchScreen.storyboard;
			sourceTree = "<group>";
		};
/* End PBXVariantGroup section */

/* Begin XCBuildConfiguration section */
		8660AA1A23CBEFB800040C75 /* Debug */ = {
			isa = XCBuildConfiguration;
			buildSettings = {
				ALWAYS_SEARCH_USER_PATHS = NO;
				CLANG_ANALYZER_NONNULL = YES;
				CLANG_ANALYZER_NUMBER_OBJECT_CONVERSION = YES_AGGRESSIVE;
				CLANG_CXX_LANGUAGE_STANDARD = "gnu++14";
				CLANG_CXX_LIBRARY = "libc++";
				CLANG_ENABLE_MODULES = YES;
				CLANG_ENABLE_OBJC_ARC = YES;
				CLANG_ENABLE_OBJC_WEAK = YES;
				CLANG_WARN_BLOCK_CAPTURE_AUTORELEASING = YES;
				CLANG_WARN_BOOL_CONVERSION = YES;
				CLANG_WARN_COMMA = YES;
				CLANG_WARN_CONSTANT_CONVERSION = YES;
				CLANG_WARN_DEPRECATED_OBJC_IMPLEMENTATIONS = YES;
				CLANG_WARN_DIRECT_OBJC_ISA_USAGE = YES_ERROR;
				CLANG_WARN_DOCUMENTATION_COMMENTS = YES;
				CLANG_WARN_EMPTY_BODY = YES;
				CLANG_WARN_ENUM_CONVERSION = YES;
				CLANG_WARN_INFINITE_RECURSION = YES;
				CLANG_WARN_INT_CONVERSION = YES;
				CLANG_WARN_NON_LITERAL_NULL_CONVERSION = YES;
				CLANG_WARN_OBJC_IMPLICIT_RETAIN_SELF = YES;
				CLANG_WARN_OBJC_LITERAL_CONVERSION = YES;
				CLANG_WARN_OBJC_ROOT_CLASS = YES_ERROR;
				CLANG_WARN_RANGE_LOOP_ANALYSIS = YES;
				CLANG_WARN_STRICT_PROTOTYPES = YES;
				CLANG_WARN_SUSPICIOUS_MOVE = YES;
				CLANG_WARN_UNGUARDED_AVAILABILITY = YES_AGGRESSIVE;
				CLANG_WARN_UNREACHABLE_CODE = YES;
				CLANG_WARN__DUPLICATE_METHOD_MATCH = YES;
				COPY_PHASE_STRIP = NO;
				DEBUG_INFORMATION_FORMAT = dwarf;
				ENABLE_STRICT_OBJC_MSGSEND = YES;
				ENABLE_TESTABILITY = YES;
				GCC_C_LANGUAGE_STANDARD = gnu11;
				GCC_DYNAMIC_NO_PIC = NO;
				GCC_NO_COMMON_BLOCKS = YES;
				GCC_OPTIMIZATION_LEVEL = 0;
				GCC_PREPROCESSOR_DEFINITIONS = (
					"DEBUG=1",
					"$(inherited)",
				);
				GCC_WARN_64_TO_32_BIT_CONVERSION = YES;
				GCC_WARN_ABOUT_RETURN_TYPE = YES_ERROR;
				GCC_WARN_UNDECLARED_SELECTOR = YES;
				GCC_WARN_UNINITIALIZED_AUTOS = YES_AGGRESSIVE;
				GCC_WARN_UNUSED_FUNCTION = YES;
				GCC_WARN_UNUSED_VARIABLE = YES;
				IPHONEOS_DEPLOYMENT_TARGET = 13.2;
				MTL_ENABLE_DEBUG_INFO = INCLUDE_SOURCE;
				MTL_FAST_MATH = YES;
				ONLY_ACTIVE_ARCH = YES;
				SDKROOT = iphoneos;
				SWIFT_ACTIVE_COMPILATION_CONDITIONS = DEBUG;
				SWIFT_OPTIMIZATION_LEVEL = "-Onone";
			};
			name = Debug;
		};
		8660AA1B23CBEFB800040C75 /* Release */ = {
			isa = XCBuildConfiguration;
			buildSettings = {
				ALWAYS_SEARCH_USER_PATHS = NO;
				CLANG_ANALYZER_NONNULL = YES;
				CLANG_ANALYZER_NUMBER_OBJECT_CONVERSION = YES_AGGRESSIVE;
				CLANG_CXX_LANGUAGE_STANDARD = "gnu++14";
				CLANG_CXX_LIBRARY = "libc++";
				CLANG_ENABLE_MODULES = YES;
				CLANG_ENABLE_OBJC_ARC = YES;
				CLANG_ENABLE_OBJC_WEAK = YES;
				CLANG_WARN_BLOCK_CAPTURE_AUTORELEASING = YES;
				CLANG_WARN_BOOL_CONVERSION = YES;
				CLANG_WARN_COMMA = YES;
				CLANG_WARN_CONSTANT_CONVERSION = YES;
				CLANG_WARN_DEPRECATED_OBJC_IMPLEMENTATIONS = YES;
				CLANG_WARN_DIRECT_OBJC_ISA_USAGE = YES_ERROR;
				CLANG_WARN_DOCUMENTATION_COMMENTS = YES;
				CLANG_WARN_EMPTY_BODY = YES;
				CLANG_WARN_ENUM_CONVERSION = YES;
				CLANG_WARN_INFINITE_RECURSION = YES;
				CLANG_WARN_INT_CONVERSION = YES;
				CLANG_WARN_NON_LITERAL_NULL_CONVERSION = YES;
				CLANG_WARN_OBJC_IMPLICIT_RETAIN_SELF = YES;
				CLANG_WARN_OBJC_LITERAL_CONVERSION = YES;
				CLANG_WARN_OBJC_ROOT_CLASS = YES_ERROR;
				CLANG_WARN_RANGE_LOOP_ANALYSIS = YES;
				CLANG_WARN_STRICT_PROTOTYPES = YES;
				CLANG_WARN_SUSPICIOUS_MOVE = YES;
				CLANG_WARN_UNGUARDED_AVAILABILITY = YES_AGGRESSIVE;
				CLANG_WARN_UNREACHABLE_CODE = YES;
				CLANG_WARN__DUPLICATE_METHOD_MATCH = YES;
				COPY_PHASE_STRIP = NO;
				DEBUG_INFORMATION_FORMAT = "dwarf-with-dsym";
				ENABLE_NS_ASSERTIONS = NO;
				ENABLE_STRICT_OBJC_MSGSEND = YES;
				GCC_C_LANGUAGE_STANDARD = gnu11;
				GCC_NO_COMMON_BLOCKS = YES;
				GCC_WARN_64_TO_32_BIT_CONVERSION = YES;
				GCC_WARN_ABOUT_RETURN_TYPE = YES_ERROR;
				GCC_WARN_UNDECLARED_SELECTOR = YES;
				GCC_WARN_UNINITIALIZED_AUTOS = YES_AGGRESSIVE;
				GCC_WARN_UNUSED_FUNCTION = YES;
				GCC_WARN_UNUSED_VARIABLE = YES;
				IPHONEOS_DEPLOYMENT_TARGET = 13.2;
				MTL_ENABLE_DEBUG_INFO = NO;
				MTL_FAST_MATH = YES;
				SDKROOT = iphoneos;
				SWIFT_COMPILATION_MODE = wholemodule;
				SWIFT_OPTIMIZATION_LEVEL = "-O";
				VALIDATE_PRODUCT = YES;
			};
			name = Release;
		};
		8660AA1D23CBEFB800040C75 /* Debug */ = {
			isa = XCBuildConfiguration;
			buildSettings = {
				ASSETCATALOG_COMPILER_APPICON_NAME = AppIcon;
				CODE_SIGN_STYLE = Automatic;
				DEVELOPMENT_TEAM = KAKDNBDBY6;
				INFOPLIST_FILE = "DynamicList-SwiftUI-Combine/Info.plist";
				IPHONEOS_DEPLOYMENT_TARGET = 13.0;
				LD_RUNPATH_SEARCH_PATHS = (
					"$(inherited)",
					"@executable_path/Frameworks",
				);
				PRODUCT_BUNDLE_IDENTIFIER = "com.farooq.DynamicList-SwiftUI-Combine.DynamicList-SwiftUI-Combine";
				PRODUCT_NAME = "$(TARGET_NAME)";
				SWIFT_VERSION = 5.0;
				TARGETED_DEVICE_FAMILY = "1,2";
			};
			name = Debug;
		};
		8660AA1E23CBEFB800040C75 /* Release */ = {
			isa = XCBuildConfiguration;
			buildSettings = {
				ASSETCATALOG_COMPILER_APPICON_NAME = AppIcon;
				CODE_SIGN_STYLE = Automatic;
				DEVELOPMENT_TEAM = KAKDNBDBY6;
				INFOPLIST_FILE = "DynamicList-SwiftUI-Combine/Info.plist";
				IPHONEOS_DEPLOYMENT_TARGET = 13.0;
				LD_RUNPATH_SEARCH_PATHS = (
					"$(inherited)",
					"@executable_path/Frameworks",
				);
				PRODUCT_BUNDLE_IDENTIFIER = "com.farooq.DynamicList-SwiftUI-Combine.DynamicList-SwiftUI-Combine";
				PRODUCT_NAME = "$(TARGET_NAME)";
				SWIFT_VERSION = 5.0;
				TARGETED_DEVICE_FAMILY = "1,2";
			};
			name = Release;
		};
/* End XCBuildConfiguration section */

/* Begin XCConfigurationList section */
		8660AA0323CBEFB600040C75 /* Build configuration list for PBXProject "DynamicList-SwiftUI-Combine" */ = {
			isa = XCConfigurationList;
			buildConfigurations = (
				8660AA1A23CBEFB800040C75 /* Debug */,
				8660AA1B23CBEFB800040C75 /* Release */,
			);
			defaultConfigurationIsVisible = 0;
			defaultConfigurationName = Release;
		};
		8660AA1C23CBEFB800040C75 /* Build configuration list for PBXNativeTarget "DynamicList-SwiftUI-Combine" */ = {
			isa = XCConfigurationList;
			buildConfigurations = (
				8660AA1D23CBEFB800040C75 /* Debug */,
				8660AA1E23CBEFB800040C75 /* Release */,
			);
			defaultConfigurationIsVisible = 0;
			defaultConfigurationName = Release;
		};
/* End XCConfigurationList section */
	};
	rootObject = 8660AA0023CBEFB600040C75 /* Project object */;
}
